
Microsoft Visual Studio Solution File, Format Version 12.00
# Visual Studio Version 16
VisualStudioVersion = 16.0.32106.194
MinimumVisualStudioVersion = 10.0.40219.1
Project("{FAE04EC0-301F-11D3-BF4B-00C04F79EFBC}") = "CodeStage Decrypter", "CodeStage Decrypter.csproj", "{365C00A5-3C3F-4BE7-8E75-D863DE0754BF}"
EndProject
Global
	GlobalSection(SolutionConfigurationPlatforms) = preSolution
		Debug|Any CPU = Debug|Any CPU
		Release|Any CPU = Release|Any CPU
	EndGlobalSection
	GlobalSection(ProjectConfigurationPlatforms) = postSolution
		{365C00A5-3C3F-4BE7-8E75-D863DE0754BF}.Debug|Any CPU.ActiveCfg = Debug|Any CPU
		{365C00A5-3C3F-4BE7-8E75-D863DE0754BF}.Debug|Any CPU.Build.0 = Debug|Any CPU
		{365C00A5-3C3F-4BE7-8E75-D863DE0754BF}.Release|Any CPU.ActiveCfg = Release|Any CPU
		{365C00A5-3C3F-4BE7-8E75-D863DE0754BF}.Release|Any CPU.Build.0 = Release|Any CPU
	EndGlobalSection
	GlobalSection(SolutionProperties) = preSolution
		HideSolutionNode = FALSE
	EndGlobalSection
	GlobalSection(ExtensibilityGlobals) = postSolution
		SolutionGuid = {88A41FA6-B388-4C30-B64B-397F780E5619}
	EndGlobalSection
EndGlobal
